
Microsoft Visual Studio Solution File, Format Version 12.00
# Visual Studio Version 16
VisualStudioVersion = 16.0.30002.166
MinimumVisualStudioVersion = 10.0.40219.1
Project("{FAE04EC0-301F-11D3-BF4B-00C04F79EFBC}") = "GTS", "GTS\GTS.csproj", "{D0653952-E71F-4F2A-88A7-7A9D754CD303}"
EndProject
Global
	GlobalSection(SolutionConfigurationPlatforms) = preSolution
		Debug|Any CPU = Debug|Any CPU
		Release|Any CPU = Release|Any CPU
	EndGlobalSection
	GlobalSection(ProjectConfigurationPlatforms) = postSolution
		{D0653952-E71F-4F2A-88A7-7A9D754CD303}.Debug|Any CPU.ActiveCfg = Debug|Any CPU
		{D0653952-E71F-4F2A-88A7-7A9D754CD303}.Debug|Any CPU.Build.0 = Debug|Any CPU
		{D0653952-E71F-4F2A-88A7-7A9D754CD303}.Release|Any CPU.ActiveCfg = Release|Any CPU
		{D0653952-E71F-4F2A-88A7-7A9D754CD303}.Release|Any CPU.Build.0 = Release|Any CPU
	EndGlobalSection
	GlobalSection(SolutionProperties) = preSolution
		HideSolutionNode = FALSE
	EndGlobalSection
	GlobalSection(ExtensibilityGlobals) = postSolution
		SolutionGuid = {C5835C97-D3EE-4114-BEEF-180C4204D347}
	EndGlobalSection
EndGlobal
